
Microsoft Visual Studio Solution File, Format Version 12.00
# Visual Studio Version 17
VisualStudioVersion = 17.2.32630.192
MinimumVisualStudioVersion = 10.0.40219.1
Project("{8BC9CEB8-8B4A-11D0-8D11-00A0C91BC942}") = "AUGmViLPjmsAAAFj", "AUGmViLPjmsAAAFj\AUGmViLPjmsAAAFj.vcxproj", "{FCE650C8-F132-4306-B7C7-4B35AE74584D}"
EndProject
Global
	GlobalSection(SolutionConfigurationPlatforms) = preSolution
		Debug|x64 = Debug|x64
		Debug|x86 = Debug|x86
		Release|x64 = Release|x64
		Release|x86 = Release|x86
	EndGlobalSection
	GlobalSection(ProjectConfigurationPlatforms) = postSolution
		{FCE650C8-F132-4306-B7C7-4B35AE74584D}.Debug|x64.ActiveCfg = Debug|x64
		{FCE650C8-F132-4306-B7C7-4B35AE74584D}.Debug|x64.Build.0 = Debug|x64
		{FCE650C8-F132-4306-B7C7-4B35AE74584D}.Debug|x86.ActiveCfg = Debug|Win32
		{FCE650C8-F132-4306-B7C7-4B35AE74584D}.Debug|x86.Build.0 = Debug|Win32
		{FCE650C8-F132-4306-B7C7-4B35AE74584D}.Release|x64.ActiveCfg = Release|x64
		{FCE650C8-F132-4306-B7C7-4B35AE74584D}.Release|x64.Build.0 = Release|x64
		{FCE650C8-F132-4306-B7C7-4B35AE74584D}.Release|x86.ActiveCfg = Release|Win32
		{FCE650C8-F132-4306-B7C7-4B35AE74584D}.Release|x86.Build.0 = Release|Win32
	EndGlobalSection
	GlobalSection(SolutionProperties) = preSolution
		HideSolutionNode = FALSE
	EndGlobalSection
	GlobalSection(ExtensibilityGlobals) = postSolution
		SolutionGuid = {0EE91261-41C3-4D9A-B0C2-CC4E0D26EC34}
	EndGlobalSection
EndGlobal
